<?xml version="1.0" encoding="utf-8"?>
<Project ToolsVersion="4.0" xmlns="http://schemas.microsoft.com/developer/msbuild/2003">
  <ItemGroup>
    <ClCompile Include="Main.cpp" />
    <ClCompile Include="BHTK.cpp">
      <Filter>BHTK</Filter>
    </ClCompile>
    <ClCompile Include="Plugin.cpp">
      <Filter>BHTK\Plugin</Filter>
    </ClCompile>
    <ClCompile Include="Common.cpp">
      <Filter>Common</Filter>
    </ClCompile>
    <ClCompile Include="Patch.cpp">
      <Filter>Diablo\Patch</Filter>
    </ClCompile>
    <ClCompile Include="D2Handlers.cpp">
      <Filter>Diablo\Handlers</Filter>
    </ClCompile>
    <ClCompile Include="D2Intercepts.cpp">
      <Filter>Diablo\Intercepts</Filter>
    </ClCompile>
    <ClCompile Include="D2Stubs.cpp">
      <Filter>Diablo\Stubs</Filter>
    </ClCompile>
    <ClCompile Include="PluginManager.cpp">
      <Filter>BHTK\Plugin\Manager</Filter>
    </ClCompile>
  </ItemGroup>
  <ItemGroup>
    <ClInclude Include="BHTK.h">
      <Filter>BHTK</Filter>
    </ClInclude>
    <ClInclude Include="D2Ptrs.h">
      <Filter>Diablo</Filter>
    </ClInclude>
    <ClInclude Include="D2Structs.h">
      <Filter>Diablo</Filter>
    </ClInclude>
    <ClInclude Include="Plugin.h">
      <Filter>BHTK\Plugin</Filter>
    </ClInclude>
    <ClInclude Include="Common.h">
      <Filter>Common</Filter>
    </ClInclude>
    <ClInclude Include="Exports.h">
      <Filter>Common</Filter>
    </ClInclude>
    <ClInclude Include="Patch.h">
      <Filter>Diablo\Patch</Filter>
    </ClInclude>
    <ClInclude Include="D2Handlers.h">
      <Filter>Diablo\Handlers</Filter>
    </ClInclude>
    <ClInclude Include="D2Stubs.h">
      <Filter>Diablo\Stubs</Filter>
    </ClInclude>
    <ClInclude Include="D2Intercepts.h">
      <Filter>Diablo\Intercepts</Filter>
    </ClInclude>
    <ClInclude Include="PluginManager.h">
      <Filter>BHTK\Plugin\Manager</Filter>
    </ClInclude>
  </ItemGroup>
  <ItemGroup>
    <Filter Include="BHTK">
      <UniqueIdentifier>{48711647-e7a2-419d-af75-d594978b382f}</UniqueIdentifier>
    </Filter>
    <Filter Include="Diablo">
      <UniqueIdentifier>{ddd5dcfb-b8c0-46ee-8e72-9ca560c9ce7a}</UniqueIdentifier>
    </Filter>
    <Filter Include="Common">
      <UniqueIdentifier>{bfca50f5-09a5-4d39-a27f-d62df355a015}</UniqueIdentifier>
    </Filter>
    <Filter Include="Diablo\Patch">
      <UniqueIdentifier>{2270a670-f1b7-4cdc-9908-58f6b7917bcf}</UniqueIdentifier>
    </Filter>
    <Filter Include="Diablo\Handlers">
      <UniqueIdentifier>{26fa0751-8150-4f43-ba8c-90c99b1084fb}</UniqueIdentifier>
    </Filter>
    <Filter Include="Diablo\Intercepts">
      <UniqueIdentifier>{c9abdca5-6e4a-4bbd-8507-95a64dc7db39}</UniqueIdentifier>
    </Filter>
    <Filter Include="Diablo\Stubs">
      <UniqueIdentifier>{5201d7be-a39f-477d-8577-1361ea8d3269}</UniqueIdentifier>
    </Filter>
    <Filter Include="BHTK\Plugin">
      <UniqueIdentifier>{67faccc4-3f54-4059-b78a-6a7606df1069}</UniqueIdentifier>
    </Filter>
    <Filter Include="BHTK\Plugin\Manager">
      <UniqueIdentifier>{c1a50b03-adf1-4e48-866f-f1b351e3190c}</UniqueIdentifier>
    </Filter>
  </ItemGroup>
</Project>