
Microsoft Visual Studio Solution File, Format Version 11.00
# Visual Studio 2010
Project("{8BC9CEB8-8B4A-11D0-8D11-00A0C91BC942}") = "BHTK", "BHTK\BHTK.vcxproj", "{835E3B68-4178-4107-8603-2BC05F5A0FC1}"
EndProject
Project("{8BC9CEB8-8B4A-11D0-8D11-00A0C91BC942}") = "TestPlugin", "TestPlugin\TestPlugin.vcxproj", "{FEF17818-27CA-4A0A-8526-9FCA513FF1F4}"
EndProject
Global
	GlobalSection(SolutionConfigurationPlatforms) = preSolution
		Debug|Win32 = Debug|Win32
		Release|Win32 = Release|Win32
	EndGlobalSection
	GlobalSection(ProjectConfigurationPlatforms) = postSolution
		{835E3B68-4178-4107-8603-2BC05F5A0FC1}.Debug|Win32.ActiveCfg = Debug|Win32
		{835E3B68-4178-4107-8603-2BC05F5A0FC1}.Debug|Win32.Build.0 = Debug|Win32
		{835E3B68-4178-4107-8603-2BC05F5A0FC1}.Release|Win32.ActiveCfg = Release|Win32
		{835E3B68-4178-4107-8603-2BC05F5A0FC1}.Release|Win32.Build.0 = Release|Win32
		{FEF17818-27CA-4A0A-8526-9FCA513FF1F4}.Debug|Win32.ActiveCfg = Debug|Win32
		{FEF17818-27CA-4A0A-8526-9FCA513FF1F4}.Debug|Win32.Build.0 = Debug|Win32
		{FEF17818-27CA-4A0A-8526-9FCA513FF1F4}.Release|Win32.ActiveCfg = Release|Win32
		{FEF17818-27CA-4A0A-8526-9FCA513FF1F4}.Release|Win32.Build.0 = Release|Win32
	EndGlobalSection
	GlobalSection(SolutionProperties) = preSolution
		HideSolutionNode = FALSE
	EndGlobalSection
EndGlobal
